
Microsoft Visual Studio Solution File, Format Version 12.00
# Visual Studio Version 17
VisualStudioVersion = 17.4.33213.308
MinimumVisualStudioVersion = 10.0.40219.1
Project("{FAE04EC0-301F-11D3-BF4B-00C04F79EFBC}") = "Northwind.DAL", "Northwind.DAL\Northwind.DAL.csproj", "{9AD5A30A-63AE-4174-A8BE-1A2861A1252D}"
EndProject
Project("{FAE04EC0-301F-11D3-BF4B-00C04F79EFBC}") = "Northwind.BLL", "Northwind.BLL\Northwind.BLL.csproj", "{44A6E008-78D4-4E1A-BD4F-243E5143EF64}"
EndProject
Project("{FAE04EC0-301F-11D3-BF4B-00C04F79EFBC}") = "Northwind.API", "Northwind.API\Northwind.API.csproj", "{D527D29C-89DD-459B-972C-CF553A10F6B6}"
EndProject
Global
	GlobalSection(SolutionConfigurationPlatforms) = preSolution
		Debug|Any CPU = Debug|Any CPU
		Release|Any CPU = Release|Any CPU
	EndGlobalSection
	GlobalSection(ProjectConfigurationPlatforms) = postSolution
		{9AD5A30A-63AE-4174-A8BE-1A2861A1252D}.Debug|Any CPU.ActiveCfg = Debug|Any CPU
		{9AD5A30A-63AE-4174-A8BE-1A2861A1252D}.Debug|Any CPU.Build.0 = Debug|Any CPU
		{9AD5A30A-63AE-4174-A8BE-1A2861A1252D}.Release|Any CPU.ActiveCfg = Release|Any CPU
		{9AD5A30A-63AE-4174-A8BE-1A2861A1252D}.Release|Any CPU.Build.0 = Release|Any CPU
		{44A6E008-78D4-4E1A-BD4F-243E5143EF64}.Debug|Any CPU.ActiveCfg = Debug|Any CPU
		{44A6E008-78D4-4E1A-BD4F-243E5143EF64}.Debug|Any CPU.Build.0 = Debug|Any CPU
		{44A6E008-78D4-4E1A-BD4F-243E5143EF64}.Release|Any CPU.ActiveCfg = Release|Any CPU
		{44A6E008-78D4-4E1A-BD4F-243E5143EF64}.Release|Any CPU.Build.0 = Release|Any CPU
		{D527D29C-89DD-459B-972C-CF553A10F6B6}.Debug|Any CPU.ActiveCfg = Debug|Any CPU
		{D527D29C-89DD-459B-972C-CF553A10F6B6}.Debug|Any CPU.Build.0 = Debug|Any CPU
		{D527D29C-89DD-459B-972C-CF553A10F6B6}.Release|Any CPU.ActiveCfg = Release|Any CPU
		{D527D29C-89DD-459B-972C-CF553A10F6B6}.Release|Any CPU.Build.0 = Release|Any CPU
	EndGlobalSection
	GlobalSection(SolutionProperties) = preSolution
		HideSolutionNode = FALSE
	EndGlobalSection
	GlobalSection(ExtensibilityGlobals) = postSolution
		SolutionGuid = {A7E3C3E8-E9B2-47DF-BC49-826F8F171326}
	EndGlobalSection
EndGlobal
